// !$*UTF8*$!
{
	archiveVersion = 1;
	classes = {
	};
	objectVersion = 50;
	objects = {

/* Begin PBXBuildFile section */
		F2B80CD7261E0CF900DFAECB /* AppDelegate.swift in Sources */ = {isa = PBXBuildFile; fileRef = F2B80CD6261E0CF900DFAECB /* AppDelegate.swift */; };
		F2B80CD9261E0CF900DFAECB /* SceneDelegate.swift in Sources */ = {isa = PBXBuildFile; fileRef = F2B80CD8261E0CF900DFAECB /* SceneDelegate.swift */; };
		F2B80CDB261E0CF900DFAECB /* ViewController.swift in Sources */ = {isa = PBXBuildFile; fileRef = F2B80CDA261E0CF900DFAECB /* ViewController.swift */; };
		F2B80CDE261E0CF900DFAECB /* Main.storyboard in Resources */ = {isa = PBXBuildFile; fileRef = F2B80CDC261E0CF900DFAECB /* Main.storyboard */; };
		F2B80CE0261E0CFA00DFAECB /* Assets.xcassets in Resources */ = {isa = PBXBuildFile; fileRef = F2B80CDF261E0CFA00DFAECB /* Assets.xcassets */; };
		F2B80CE3261E0CFA00DFAECB /* LaunchScreen.storyboard in Resources */ = {isa = PBXBuildFile; fileRef = F2B80CE1261E0CFA00DFAECB /* LaunchScreen.storyboard */; };
		F2B80CEC261E101C00DFAECB /* storeVC.swift in Sources */ = {isa = PBXBuildFile; fileRef = F2B80CEB261E101C00DFAECB /* storeVC.swift */; };
		F2B80CF3261E130400DFAECB /* favoritesVC.swift in Sources */ = {isa = PBXBuildFile; fileRef = F2B80CF2261E130400DFAECB /* favoritesVC.swift */; };
		F2B80CF8261E1DE100DFAECB /* trendsVC.swift in Sources */ = {isa = PBXBuildFile; fileRef = F2B80CF7261E1DE100DFAECB /* trendsVC.swift */; };
/* End PBXBuildFile section */

/* Begin PBXFileReference section */
		F2B80CD3261E0CF900DFAECB /* SegementDemo.app */ = {isa = PBXFileReference; explicitFileType = wrapper.application; includeInIndex = 0; path = SegementDemo.app; sourceTree = BUILT_PRODUCTS_DIR; };
		F2B80CD6261E0CF900DFAECB /* AppDelegate.swift */ = {isa = PBXFileReference; lastKnownFileType = sourcecode.swift; path = AppDelegate.swift; sourceTree = "<group>"; };
		F2B80CD8261E0CF900DFAECB /* SceneDelegate.swift */ = {isa = PBXFileReference; lastKnownFileType = sourcecode.swift; path = SceneDelegate.swift; sourceTree = "<group>"; };
		F2B80CDA261E0CF900DFAECB /* ViewController.swift */ = {isa = PBXFileReference; lastKnownFileType = sourcecode.swift; path = ViewController.swift; sourceTree = "<group>"; };
		F2B80CDD261E0CF900DFAECB /* Base */ = {isa = PBXFileReference; lastKnownFileType = file.storyboard; name = Base; path = Base.lproj/Main.storyboard; sourceTree = "<group>"; };
		F2B80CDF261E0CFA00DFAECB /* Assets.xcassets */ = {isa = PBXFileReference; lastKnownFileType = folder.assetcatalog; path = Assets.xcassets; sourceTree = "<group>"; };
		F2B80CE2261E0CFA00DFAECB /* Base */ = {isa = PBXFileReference; lastKnownFileType = file.storyboard; name = Base; path = Base.lproj/LaunchScreen.storyboard; sourceTree = "<group>"; };
		F2B80CE4261E0CFA00DFAECB /* Info.plist */ = {isa = PBXFileReference; lastKnownFileType = text.plist.xml; path = Info.plist; sourceTree = "<group>"; };
		F2B80CEB261E101C00DFAECB /* storeVC.swift */ = {isa = PBXFileReference; lastKnownFileType = sourcecode.swift; path = storeVC.swift; sourceTree = "<group>"; };
		F2B80CF2261E130400DFAECB /* favoritesVC.swift */ = {isa = PBXFileReference; lastKnownFileType = sourcecode.swift; path = favoritesVC.swift; sourceTree = "<group>"; };
		F2B80CF7261E1DE100DFAECB /* trendsVC.swift */ = {isa = PBXFileReference; lastKnownFileType = sourcecode.swift; path = trendsVC.swift; sourceTree = "<group>"; };
/* End PBXFileReference section */

/* Begin PBXFrameworksBuildPhase section */
		F2B80CD0261E0CF900DFAECB /* Frameworks */ = {
			isa = PBXFrameworksBuildPhase;
			buildActionMask = 2147483647;
			files = (
			);
			runOnlyForDeploymentPostprocessing = 0;
		};
/* End PBXFrameworksBuildPhase section */

/* Begin PBXGroup section */
		F2B80CCA261E0CF900DFAECB = {
			isa = PBXGroup;
			children = (
				F2B80CD5261E0CF900DFAECB /* SegementDemo */,
				F2B80CD4261E0CF900DFAECB /* Products */,
			);
			sourceTree = "<group>";
		};
		F2B80CD4261E0CF900DFAECB /* Products */ = {
			isa = PBXGroup;
			children = (
				F2B80CD3261E0CF900DFAECB /* SegementDemo.app */,
			);
			name = Products;
			sourceTree = "<group>";
		};
		F2B80CD5261E0CF900DFAECB /* SegementDemo */ = {
			isa = PBXGroup;
			children = (
				F2B80CD6261E0CF900DFAECB /* AppDelegate.swift */,
				F2B80CD8261E0CF900DFAECB /* SceneDelegate.swift */,
				F2B80CDA261E0CF900DFAECB /* ViewController.swift */,
				F2B80CDC261E0CF900DFAECB /* Main.storyboard */,
				F2B80CDF261E0CFA00DFAECB /* Assets.xcassets */,
				F2B80CE1261E0CFA00DFAECB /* LaunchScreen.storyboard */,
				F2B80CE4261E0CFA00DFAECB /* Info.plist */,
				F2B80CEB261E101C00DFAECB /* storeVC.swift */,
				F2B80CF2261E130400DFAECB /* favoritesVC.swift */,
				F2B80CF7261E1DE100DFAECB /* trendsVC.swift */,
			);
			path = SegementDemo;
			sourceTree = "<group>";
		};
/* End PBXGroup section */

/* Begin PBXNativeTarget section */
		F2B80CD2261E0CF900DFAECB /* SegementDemo */ = {
			isa = PBXNativeTarget;
			buildConfigurationList = F2B80CE7261E0CFA00DFAECB /* Build configuration list for PBXNativeTarget "SegementDemo" */;
			buildPhases = (
				F2B80CCF261E0CF900DFAECB /* Sources */,
				F2B80CD0261E0CF900DFAECB /* Frameworks */,
				F2B80CD1261E0CF900DFAECB /* Resources */,
			);
			buildRules = (
			);
			dependencies = (
			);
			name = SegementDemo;
			productName = SegementDemo;
			productReference = F2B80CD3261E0CF900DFAECB /* SegementDemo.app */;
			productType = "com.apple.product-type.application";
		};
/* End PBXNativeTarget section */

/* Begin PBXProject section */
		F2B80CCB261E0CF900DFAECB /* Project object */ = {
			isa = PBXProject;
			attributes = {
				LastSwiftUpdateCheck = 1240;
				LastUpgradeCheck = 1240;
				TargetAttributes = {
					F2B80CD2261E0CF900DFAECB = {
						CreatedOnToolsVersion = 12.4;
					};
				};
			};
			buildConfigurationList = F2B80CCE261E0CF900DFAECB /* Build configuration list for PBXProject "SegementDemo" */;
			compatibilityVersion = "Xcode 9.3";
			developmentRegion = en;
			hasScannedForEncodings = 0;
			knownRegions = (
				en,
				Base,
			);
			mainGroup = F2B80CCA261E0CF900DFAECB;
			productRefGroup = F2B80CD4261E0CF900DFAECB /* Products */;
			projectDirPath = "";
			projectRoot = "";
			targets = (
				F2B80CD2261E0CF900DFAECB /* SegementDemo */,
			);
		};
/* End PBXProject section */

/* Begin PBXResourcesBuildPhase section */
		F2B80CD1261E0CF900DFAECB /* Resources */ = {
			isa = PBXResourcesBuildPhase;
			buildActionMask = 2147483647;
			files = (
				F2B80CE3261E0CFA00DFAECB /* LaunchScreen.storyboard in Resources */,
				F2B80CE0261E0CFA00DFAECB /* Assets.xcassets in Resources */,
				F2B80CDE261E0CF900DFAECB /* Main.storyboard in Resources */,
			);
			runOnlyForDeploymentPostprocessing = 0;
		};
/* End PBXResourcesBuildPhase section */

/* Begin PBXSourcesBuildPhase section */
		F2B80CCF261E0CF900DFAECB /* Sources */ = {
			isa = PBXSourcesBuildPhase;
			buildActionMask = 2147483647;
			files = (
				F2B80CF8261E1DE100DFAECB /* trendsVC.swift in Sources */,
				F2B80CEC261E101C00DFAECB /* storeVC.swift in Sources */,
				F2B80CDB261E0CF900DFAECB /* ViewController.swift in Sources */,
				F2B80CD7261E0CF900DFAECB /* AppDelegate.swift in Sources */,
				F2B80CF3261E130400DFAECB /* favoritesVC.swift in Sources */,
				F2B80CD9261E0CF900DFAECB /* SceneDelegate.swift in Sources */,
			);
			runOnlyForDeploymentPostprocessing = 0;
		};
/* End PBXSourcesBuildPhase section */

/* Begin PBXVariantGroup section */
		F2B80CDC261E0CF900DFAECB /* Main.storyboard */ = {
			isa = PBXVariantGroup;
			children = (
				F2B80CDD261E0CF900DFAECB /* Base */,
			);
			name = Main.storyboard;
			sourceTree = "<group>";
		};
		F2B80CE1261E0CFA00DFAECB /* LaunchScreen.storyboard */ = {
			isa = PBXVariantGroup;
			children = (
				F2B80CE2261E0CFA00DFAECB /* Base */,
			);
			name = LaunchScreen.storyboard;
			sourceTree = "<group>";
		};
/* End PBXVariantGroup section */

/* Begin XCBuildConfiguration section */
		F2B80CE5261E0CFA00DFAECB /* Debug */ = {
			isa = XCBuildConfiguration;
			buildSettings = {
				ALWAYS_SEARCH_USER_PATHS = NO;
				CLANG_ANALYZER_NONNULL = YES;
				CLANG_ANALYZER_NUMBER_OBJECT_CONVERSION = YES_AGGRESSIVE;
				CLANG_CXX_LANGUAGE_STANDARD = "gnu++14";
				CLANG_CXX_LIBRARY = "libc++";
				CLANG_ENABLE_MODULES = YES;
				CLANG_ENABLE_OBJC_ARC = YES;
				CLANG_ENABLE_OBJC_WEAK = YES;
				CLANG_WARN_BLOCK_CAPTURE_AUTORELEASING = YES;
				CLANG_WARN_BOOL_CONVERSION = YES;
				CLANG_WARN_COMMA = YES;
				CLANG_WARN_CONSTANT_CONVERSION = YES;
				CLANG_WARN_DEPRECATED_OBJC_IMPLEMENTATIONS = YES;
				CLANG_WARN_DIRECT_OBJC_ISA_USAGE = YES_ERROR;
				CLANG_WARN_DOCUMENTATION_COMMENTS = YES;
				CLANG_WARN_EMPTY_BODY = YES;
				CLANG_WARN_ENUM_CONVERSION = YES;
				CLANG_WARN_INFINITE_RECURSION = YES;
				CLANG_WARN_INT_CONVERSION = YES;
				CLANG_WARN_NON_LITERAL_NULL_CONVERSION = YES;
				CLANG_WARN_OBJC_IMPLICIT_RETAIN_SELF = YES;
				CLANG_WARN_OBJC_LITERAL_CONVERSION = YES;
				CLANG_WARN_OBJC_ROOT_CLASS = YES_ERROR;
				CLANG_WARN_QUOTED_INCLUDE_IN_FRAMEWORK_HEADER = YES;
				CLANG_WARN_RANGE_LOOP_ANALYSIS = YES;
				CLANG_WARN_STRICT_PROTOTYPES = YES;
				CLANG_WARN_SUSPICIOUS_MOVE = YES;
				CLANG_WARN_UNGUARDED_AVAILABILITY = YES_AGGRESSIVE;
				CLANG_WARN_UNREACHABLE_CODE = YES;
				CLANG_WARN__DUPLICATE_METHOD_MATCH = YES;
				COPY_PHASE_STRIP = NO;
				DEBUG_INFORMATION_FORMAT = dwarf;
				ENABLE_STRICT_OBJC_MSGSEND = YES;
				ENABLE_TESTABILITY = YES;
				GCC_C_LANGUAGE_STANDARD = gnu11;
				GCC_DYNAMIC_NO_PIC = NO;
				GCC_NO_COMMON_BLOCKS = YES;
				GCC_OPTIMIZATION_LEVEL = 0;
				GCC_PREPROCESSOR_DEFINITIONS = (
					"DEBUG=1",
					"$(inherited)",
				);
				GCC_WARN_64_TO_32_BIT_CONVERSION = YES;
				GCC_WARN_ABOUT_RETURN_TYPE = YES_ERROR;
				GCC_WARN_UNDECLARED_SELECTOR = YES;
				GCC_WARN_UNINITIALIZED_AUTOS = YES_AGGRESSIVE;
				GCC_WARN_UNUSED_FUNCTION = YES;
				GCC_WARN_UNUSED_VARIABLE = YES;
				IPHONEOS_DEPLOYMENT_TARGET = 14.4;
				MTL_ENABLE_DEBUG_INFO = INCLUDE_SOURCE;
				MTL_FAST_MATH = YES;
				ONLY_ACTIVE_ARCH = YES;
				SDKROOT = iphoneos;
				SWIFT_ACTIVE_COMPILATION_CONDITIONS = DEBUG;
				SWIFT_OPTIMIZATION_LEVEL = "-Onone";
			};
			name = Debug;
		};
		F2B80CE6261E0CFA00DFAECB /* Release */ = {
			isa = XCBuildConfiguration;
			buildSettings = {
				ALWAYS_SEARCH_USER_PATHS = NO;
				CLANG_ANALYZER_NONNULL = YES;
				CLANG_ANALYZER_NUMBER_OBJECT_CONVERSION = YES_AGGRESSIVE;
				CLANG_CXX_LANGUAGE_STANDARD = "gnu++14";
				CLANG_CXX_LIBRARY = "libc++";
				CLANG_ENABLE_MODULES = YES;
				CLANG_ENABLE_OBJC_ARC = YES;
				CLANG_ENABLE_OBJC_WEAK = YES;
				CLANG_WARN_BLOCK_CAPTURE_AUTORELEASING = YES;
				CLANG_WARN_BOOL_CONVERSION = YES;
				CLANG_WARN_COMMA = YES;
				CLANG_WARN_CONSTANT_CONVERSION = YES;
				CLANG_WARN_DEPRECATED_OBJC_IMPLEMENTATIONS = YES;
				CLANG_WARN_DIRECT_OBJC_ISA_USAGE = YES_ERROR;
				CLANG_WARN_DOCUMENTATION_COMMENTS = YES;
				CLANG_WARN_EMPTY_BODY = YES;
				CLANG_WARN_ENUM_CONVERSION = YES;
				CLANG_WARN_INFINITE_RECURSION = YES;
				CLANG_WARN_INT_CONVERSION = YES;
				CLANG_WARN_NON_LITERAL_NULL_CONVERSION = YES;
				CLANG_WARN_OBJC_IMPLICIT_RETAIN_SELF = YES;
				CLANG_WARN_OBJC_LITERAL_CONVERSION = YES;
				CLANG_WARN_OBJC_ROOT_CLASS = YES_ERROR;
				CLANG_WARN_QUOTED_INCLUDE_IN_FRAMEWORK_HEADER = YES;
				CLANG_WARN_RANGE_LOOP_ANALYSIS = YES;
				CLANG_WARN_STRICT_PROTOTYPES = YES;
				CLANG_WARN_SUSPICIOUS_MOVE = YES;
				CLANG_WARN_UNGUARDED_AVAILABILITY = YES_AGGRESSIVE;
				CLANG_WARN_UNREACHABLE_CODE = YES;
				CLANG_WARN__DUPLICATE_METHOD_MATCH = YES;
				COPY_PHASE_STRIP = NO;
				DEBUG_INFORMATION_FORMAT = "dwarf-with-dsym";
				ENABLE_NS_ASSERTIONS = NO;
				ENABLE_STRICT_OBJC_MSGSEND = YES;
				GCC_C_LANGUAGE_STANDARD = gnu11;
				GCC_NO_COMMON_BLOCKS = YES;
				GCC_WARN_64_TO_32_BIT_CONVERSION = YES;
				GCC_WARN_ABOUT_RETURN_TYPE = YES_ERROR;
				GCC_WARN_UNDECLARED_SELECTOR = YES;
				GCC_WARN_UNINITIALIZED_AUTOS = YES_AGGRESSIVE;
				GCC_WARN_UNUSED_FUNCTION = YES;
				GCC_WARN_UNUSED_VARIABLE = YES;
				IPHONEOS_DEPLOYMENT_TARGET = 14.4;
				MTL_ENABLE_DEBUG_INFO = NO;
				MTL_FAST_MATH = YES;
				SDKROOT = iphoneos;
				SWIFT_COMPILATION_MODE = wholemodule;
				SWIFT_OPTIMIZATION_LEVEL = "-O";
				VALIDATE_PRODUCT = YES;
			};
			name = Release;
		};
		F2B80CE8261E0CFA00DFAECB /* Debug */ = {
			isa = XCBuildConfiguration;
			buildSettings = {
				ASSETCATALOG_COMPILER_APPICON_NAME = AppIcon;
				ASSETCATALOG_COMPILER_GLOBAL_ACCENT_COLOR_NAME = AccentColor;
				CODE_SIGN_STYLE = Automatic;
				INFOPLIST_FILE = SegementDemo/Info.plist;
				LD_RUNPATH_SEARCH_PATHS = (
					"$(inherited)",
					"@executable_path/Frameworks",
				);
				PRODUCT_BUNDLE_IDENTIFIER = chiefdom.SegementDemo;
				PRODUCT_NAME = "$(TARGET_NAME)";
				SWIFT_VERSION = 5.0;
				TARGETED_DEVICE_FAMILY = "1,2";
			};
			name = Debug;
		};
		F2B80CE9261E0CFA00DFAECB /* Release */ = {
			isa = XCBuildConfiguration;
			buildSettings = {
				ASSETCATALOG_COMPILER_APPICON_NAME = AppIcon;
				ASSETCATALOG_COMPILER_GLOBAL_ACCENT_COLOR_NAME = AccentColor;
				CODE_SIGN_STYLE = Automatic;
				INFOPLIST_FILE = SegementDemo/Info.plist;
				LD_RUNPATH_SEARCH_PATHS = (
					"$(inherited)",
					"@executable_path/Frameworks",
				);
				PRODUCT_BUNDLE_IDENTIFIER = chiefdom.SegementDemo;
				PRODUCT_NAME = "$(TARGET_NAME)";
				SWIFT_VERSION = 5.0;
				TARGETED_DEVICE_FAMILY = "1,2";
			};
			name = Release;
		};
/* End XCBuildConfiguration section */

/* Begin XCConfigurationList section */
		F2B80CCE261E0CF900DFAECB /* Build configuration list for PBXProject "SegementDemo" */ = {
			isa = XCConfigurationList;
			buildConfigurations = (
				F2B80CE5261E0CFA00DFAECB /* Debug */,
				F2B80CE6261E0CFA00DFAECB /* Release */,
			);
			defaultConfigurationIsVisible = 0;
			defaultConfigurationName = Release;
		};
		F2B80CE7261E0CFA00DFAECB /* Build configuration list for PBXNativeTarget "SegementDemo" */ = {
			isa = XCConfigurationList;
			buildConfigurations = (
				F2B80CE8261E0CFA00DFAECB /* Debug */,
				F2B80CE9261E0CFA00DFAECB /* Release */,
			);
			defaultConfigurationIsVisible = 0;
			defaultConfigurationName = Release;
		};
/* End XCConfigurationList section */
	};
	rootObject = F2B80CCB261E0CF900DFAECB /* Project object */;
}
